
Microsoft Visual Studio Solution File, Format Version 12.00
Project("{FAE04EC0-301F-11D3-BF4B-00C04F79EFBC}") = "VaraticPrim", "VaraticPrim\VaraticPrim.csproj", "{99A7D122-B59C-4880-8BB4-3E3E50392E77}"
EndProject
Project("{2150E333-8FDC-42A3-9474-1A3956D46DE8}") = "Solution Items", "Solution Items", "{0130937D-6876-4B10-8262-B7D4853E5691}"
	ProjectSection(SolutionItems) = preProject
		compose.yaml = compose.yaml
	EndProjectSection
EndProject
Project("{FAE04EC0-301F-11D3-BF4B-00C04F79EFBC}") = "VaraticPrim.Application", "VaraticPrim.Application\VaraticPrim.Application.csproj", "{53181C84-208B-4FD0-B4A3-88AC13C125D2}"
EndProject
Project("{FAE04EC0-301F-11D3-BF4B-00C04F79EFBC}") = "VaraticPrim.Domain", "VaraticPrim.Domain\VaraticPrim.Domain.csproj", "{EA5E8B59-B184-4539-9DF1-93AA546274E3}"
EndProject
Project("{FAE04EC0-301F-11D3-BF4B-00C04F79EFBC}") = "VaraticPrim.Infrastructure", "VaraticPrim.Infrastructure\VaraticPrim.Infrastructure.csproj", "{2FBEB71D-5BD5-4C6B-BD5B-BEF1B0D91536}"
EndProject
Project("{FAE04EC0-301F-11D3-BF4B-00C04F79EFBC}") = "VaraticPrim.Migrations", "VaraticPrim.Migrations\VaraticPrim.Migrations.csproj", "{FFC7D76C-623D-4974-9CEB-9E54452B8336}"
EndProject
Project("{FAE04EC0-301F-11D3-BF4B-00C04F79EFBC}") = "VaraticPrim.Migrations.Evolve", "VaraticPrim.Migrations.Evolve\VaraticPrim.Migrations.Evolve.csproj", "{795A12C8-33AB-4188-BC9F-CB1D0F0953EA}"
EndProject
Project("{FAE04EC0-301F-11D3-BF4B-00C04F79EFBC}") = "VaraticPrim.Framework", "VaraticPrim.Framework\VaraticPrim.Framework.csproj", "{CE6E5DEE-20C9-42E1-B433-2463812FE6C9}"
EndProject
Project("{FAE04EC0-301F-11D3-BF4B-00C04F79EFBC}") = "VaraticPrim.JwtAuth", "VaraticPrim.JwtAuth\VaraticPrim.JwtAuth.csproj", "{1AB769C7-6DD0-4B13-A8AE-2CA03DC649D9}"
EndProject
Global
	GlobalSection(SolutionConfigurationPlatforms) = preSolution
		Debug|Any CPU = Debug|Any CPU
		Release|Any CPU = Release|Any CPU
	EndGlobalSection
	GlobalSection(ProjectConfigurationPlatforms) = postSolution
		{99A7D122-B59C-4880-8BB4-3E3E50392E77}.Debug|Any CPU.ActiveCfg = Debug|Any CPU
		{99A7D122-B59C-4880-8BB4-3E3E50392E77}.Debug|Any CPU.Build.0 = Debug|Any CPU
		{99A7D122-B59C-4880-8BB4-3E3E50392E77}.Release|Any CPU.ActiveCfg = Release|Any CPU
		{99A7D122-B59C-4880-8BB4-3E3E50392E77}.Release|Any CPU.Build.0 = Release|Any CPU
		{53181C84-208B-4FD0-B4A3-88AC13C125D2}.Debug|Any CPU.ActiveCfg = Debug|Any CPU
		{53181C84-208B-4FD0-B4A3-88AC13C125D2}.Debug|Any CPU.Build.0 = Debug|Any CPU
		{53181C84-208B-4FD0-B4A3-88AC13C125D2}.Release|Any CPU.ActiveCfg = Release|Any CPU
		{53181C84-208B-4FD0-B4A3-88AC13C125D2}.Release|Any CPU.Build.0 = Release|Any CPU
		{EA5E8B59-B184-4539-9DF1-93AA546274E3}.Debug|Any CPU.ActiveCfg = Debug|Any CPU
		{EA5E8B59-B184-4539-9DF1-93AA546274E3}.Debug|Any CPU.Build.0 = Debug|Any CPU
		{EA5E8B59-B184-4539-9DF1-93AA546274E3}.Release|Any CPU.ActiveCfg = Release|Any CPU
		{EA5E8B59-B184-4539-9DF1-93AA546274E3}.Release|Any CPU.Build.0 = Release|Any CPU
		{2FBEB71D-5BD5-4C6B-BD5B-BEF1B0D91536}.Debug|Any CPU.ActiveCfg = Debug|Any CPU
		{2FBEB71D-5BD5-4C6B-BD5B-BEF1B0D91536}.Debug|Any CPU.Build.0 = Debug|Any CPU
		{2FBEB71D-5BD5-4C6B-BD5B-BEF1B0D91536}.Release|Any CPU.ActiveCfg = Release|Any CPU
		{2FBEB71D-5BD5-4C6B-BD5B-BEF1B0D91536}.Release|Any CPU.Build.0 = Release|Any CPU
		{FFC7D76C-623D-4974-9CEB-9E54452B8336}.Debug|Any CPU.ActiveCfg = Debug|Any CPU
		{FFC7D76C-623D-4974-9CEB-9E54452B8336}.Debug|Any CPU.Build.0 = Debug|Any CPU
		{FFC7D76C-623D-4974-9CEB-9E54452B8336}.Release|Any CPU.ActiveCfg = Release|Any CPU
		{FFC7D76C-623D-4974-9CEB-9E54452B8336}.Release|Any CPU.Build.0 = Release|Any CPU
		{795A12C8-33AB-4188-BC9F-CB1D0F0953EA}.Debug|Any CPU.ActiveCfg = Debug|Any CPU
		{795A12C8-33AB-4188-BC9F-CB1D0F0953EA}.Debug|Any CPU.Build.0 = Debug|Any CPU
		{795A12C8-33AB-4188-BC9F-CB1D0F0953EA}.Release|Any CPU.ActiveCfg = Release|Any CPU
		{795A12C8-33AB-4188-BC9F-CB1D0F0953EA}.Release|Any CPU.Build.0 = Release|Any CPU
		{CE6E5DEE-20C9-42E1-B433-2463812FE6C9}.Debug|Any CPU.ActiveCfg = Debug|Any CPU
		{CE6E5DEE-20C9-42E1-B433-2463812FE6C9}.Debug|Any CPU.Build.0 = Debug|Any CPU
		{CE6E5DEE-20C9-42E1-B433-2463812FE6C9}.Release|Any CPU.ActiveCfg = Release|Any CPU
		{CE6E5DEE-20C9-42E1-B433-2463812FE6C9}.Release|Any CPU.Build.0 = Release|Any CPU
		{1AB769C7-6DD0-4B13-A8AE-2CA03DC649D9}.Debug|Any CPU.ActiveCfg = Debug|Any CPU
		{1AB769C7-6DD0-4B13-A8AE-2CA03DC649D9}.Debug|Any CPU.Build.0 = Debug|Any CPU
		{1AB769C7-6DD0-4B13-A8AE-2CA03DC649D9}.Release|Any CPU.ActiveCfg = Release|Any CPU
		{1AB769C7-6DD0-4B13-A8AE-2CA03DC649D9}.Release|Any CPU.Build.0 = Release|Any CPU
	EndGlobalSection
EndGlobal
